// !$*UTF8*$!
{
	archiveVersion = 1;
	classes = {
	};
	objectVersion = 48;
	objects = {

/* Begin PBXBuildFile section */
		A621626F1FCAB79800EF87DA /* AppDelegate.m in Sources */ = {isa = PBXBuildFile; fileRef = A621626E1FCAB79800EF87DA /* AppDelegate.m */; };
		A62162721FCAB79800EF87DA /* ViewController.m in Sources */ = {isa = PBXBuildFile; fileRef = A62162711FCAB79800EF87DA /* ViewController.m */; };
		A62162751FCAB79800EF87DA /* Main.storyboard in Resources */ = {isa = PBXBuildFile; fileRef = A62162731FCAB79800EF87DA /* Main.storyboard */; };
		A62162771FCAB79800EF87DA /* Assets.xcassets in Resources */ = {isa = PBXBuildFile; fileRef = A62162761FCAB79800EF87DA /* Assets.xcassets */; };
		A621627A1FCAB79800EF87DA /* LaunchScreen.storyboard in Resources */ = {isa = PBXBuildFile; fileRef = A62162781FCAB79800EF87DA /* LaunchScreen.storyboard */; };
		A621627D1FCAB79800EF87DA /* main.m in Sources */ = {isa = PBXBuildFile; fileRef = A621627C1FCAB79800EF87DA /* main.m */; };
		A62162871FCAB79800EF87DA /* githubTestTests.m in Sources */ = {isa = PBXBuildFile; fileRef = A62162861FCAB79800EF87DA /* githubTestTests.m */; };
		A62162921FCAB79800EF87DA /* githubTestUITests.m in Sources */ = {isa = PBXBuildFile; fileRef = A62162911FCAB79800EF87DA /* githubTestUITests.m */; };
		A62162A11FCABA8500EF87DA /* ZJHTTPSessionManager.m in Sources */ = {isa = PBXBuildFile; fileRef = A62162A01FCABA8500EF87DA /* ZJHTTPSessionManager.m */; };
		B4393787B7D732CCEF2C986B /* libPods-githubTest.a in Frameworks */ = {isa = PBXBuildFile; fileRef = EDE17827FA151B71C493118B /* libPods-githubTest.a */; };
/* End PBXBuildFile section */

/* Begin PBXContainerItemProxy section */
		A62162831FCAB79800EF87DA /* PBXContainerItemProxy */ = {
			isa = PBXContainerItemProxy;
			containerPortal = A62162621FCAB79800EF87DA /* Project object */;
			proxyType = 1;
			remoteGlobalIDString = A62162691FCAB79800EF87DA;
			remoteInfo = githubTest;
		};
		A621628E1FCAB79800EF87DA /* PBXContainerItemProxy */ = {
			isa = PBXContainerItemProxy;
			containerPortal = A62162621FCAB79800EF87DA /* Project object */;
			proxyType = 1;
			remoteGlobalIDString = A62162691FCAB79800EF87DA;
			remoteInfo = githubTest;
		};
/* End PBXContainerItemProxy section */

/* Begin PBXFileReference section */
		8E8B4DECAE65C8B23DDD3AAB /* Pods-githubTest.debug.xcconfig */ = {isa = PBXFileReference; includeInIndex = 1; lastKnownFileType = text.xcconfig; name = "Pods-githubTest.debug.xcconfig"; path = "Pods/Target Support Files/Pods-githubTest/Pods-githubTest.debug.xcconfig"; sourceTree = "<group>"; };
		A621626A1FCAB79800EF87DA /* githubTest.app */ = {isa = PBXFileReference; explicitFileType = wrapper.application; includeInIndex = 0; path = githubTest.app; sourceTree = BUILT_PRODUCTS_DIR; };
		A621626D1FCAB79800EF87DA /* AppDelegate.h */ = {isa = PBXFileReference; lastKnownFileType = sourcecode.c.h; path = AppDelegate.h; sourceTree = "<group>"; };
		A621626E1FCAB79800EF87DA /* AppDelegate.m */ = {isa = PBXFileReference; lastKnownFileType = sourcecode.c.objc; path = AppDelegate.m; sourceTree = "<group>"; };
		A62162701FCAB79800EF87DA /* ViewController.h */ = {isa = PBXFileReference; lastKnownFileType = sourcecode.c.h; path = ViewController.h; sourceTree = "<group>"; };
		A62162711FCAB79800EF87DA /* ViewController.m */ = {isa = PBXFileReference; lastKnownFileType = sourcecode.c.objc; path = ViewController.m; sourceTree = "<group>"; };
		A62162741FCAB79800EF87DA /* Base */ = {isa = PBXFileReference; lastKnownFileType = file.storyboard; name = Base; path = Base.lproj/Main.storyboard; sourceTree = "<group>"; };
		A62162761FCAB79800EF87DA /* Assets.xcassets */ = {isa = PBXFileReference; lastKnownFileType = folder.assetcatalog; path = Assets.xcassets; sourceTree = "<group>"; };
		A62162791FCAB79800EF87DA /* Base */ = {isa = PBXFileReference; lastKnownFileType = file.storyboard; name = Base; path = Base.lproj/LaunchScreen.storyboard; sourceTree = "<group>"; };
		A621627B1FCAB79800EF87DA /* Info.plist */ = {isa = PBXFileReference; lastKnownFileType = text.plist.xml; path = Info.plist; sourceTree = "<group>"; };
		A621627C1FCAB79800EF87DA /* main.m */ = {isa = PBXFileReference; lastKnownFileType = sourcecode.c.objc; path = main.m; sourceTree = "<group>"; };
		A62162821FCAB79800EF87DA /* githubTestTests.xctest */ = {isa = PBXFileReference; explicitFileType = wrapper.cfbundle; includeInIndex = 0; path = githubTestTests.xctest; sourceTree = BUILT_PRODUCTS_DIR; };
		A62162861FCAB79800EF87DA /* githubTestTests.m */ = {isa = PBXFileReference; lastKnownFileType = sourcecode.c.objc; path = githubTestTests.m; sourceTree = "<group>"; };
		A62162881FCAB79800EF87DA /* Info.plist */ = {isa = PBXFileReference; lastKnownFileType = text.plist.xml; path = Info.plist; sourceTree = "<group>"; };
		A621628D1FCAB79800EF87DA /* githubTestUITests.xctest */ = {isa = PBXFileReference; explicitFileType = wrapper.cfbundle; includeInIndex = 0; path = githubTestUITests.xctest; sourceTree = BUILT_PRODUCTS_DIR; };
		A62162911FCAB79800EF87DA /* githubTestUITests.m */ = {isa = PBXFileReference; lastKnownFileType = sourcecode.c.objc; path = githubTestUITests.m; sourceTree = "<group>"; };
		A62162931FCAB79800EF87DA /* Info.plist */ = {isa = PBXFileReference; lastKnownFileType = text.plist.xml; path = Info.plist; sourceTree = "<group>"; };
		A621629F1FCABA8500EF87DA /* ZJHTTPSessionManager.h */ = {isa = PBXFileReference; lastKnownFileType = sourcecode.c.h; path = ZJHTTPSessionManager.h; sourceTree = "<group>"; };
		A62162A01FCABA8500EF87DA /* ZJHTTPSessionManager.m */ = {isa = PBXFileReference; lastKnownFileType = sourcecode.c.objc; path = ZJHTTPSessionManager.m; sourceTree = "<group>"; };
		D4C2E5A00729B188693C38F0 /* Pods-githubTest.release.xcconfig */ = {isa = PBXFileReference; includeInIndex = 1; lastKnownFileType = text.xcconfig; name = "Pods-githubTest.release.xcconfig"; path = "Pods/Target Support Files/Pods-githubTest/Pods-githubTest.release.xcconfig"; sourceTree = "<group>"; };
		EDE17827FA151B71C493118B /* libPods-githubTest.a */ = {isa = PBXFileReference; explicitFileType = archive.ar; includeInIndex = 0; path = "libPods-githubTest.a"; sourceTree = BUILT_PRODUCTS_DIR; };
/* End PBXFileReference section */

/* Begin PBXFrameworksBuildPhase section */
		A62162671FCAB79800EF87DA /* Frameworks */ = {
			isa = PBXFrameworksBuildPhase;
			buildActionMask = 2147483647;
			files = (
				B4393787B7D732CCEF2C986B /* libPods-githubTest.a in Frameworks */,
			);
			runOnlyForDeploymentPostprocessing = 0;
		};
		A621627F1FCAB79800EF87DA /* Frameworks */ = {
			isa = PBXFrameworksBuildPhase;
			buildActionMask = 2147483647;
			files = (
			);
			runOnlyForDeploymentPostprocessing = 0;
		};
		A621628A1FCAB79800EF87DA /* Frameworks */ = {
			isa = PBXFrameworksBuildPhase;
			buildActionMask = 2147483647;
			files = (
			);
			runOnlyForDeploymentPostprocessing = 0;
		};
/* End PBXFrameworksBuildPhase section */

/* Begin PBXGroup section */
		197028E4EB05C289B8A94B74 /* Frameworks */ = {
			isa = PBXGroup;
			children = (
				EDE17827FA151B71C493118B /* libPods-githubTest.a */,
			);
			name = Frameworks;
			sourceTree = "<group>";
		};
		695A88AA019D141FE02ABCBA /* Pods */ = {
			isa = PBXGroup;
			children = (
				8E8B4DECAE65C8B23DDD3AAB /* Pods-githubTest.debug.xcconfig */,
				D4C2E5A00729B188693C38F0 /* Pods-githubTest.release.xcconfig */,
			);
			name = Pods;
			sourceTree = "<group>";
		};
		A62162611FCAB79800EF87DA = {
			isa = PBXGroup;
			children = (
				A621626C1FCAB79800EF87DA /* githubTest */,
				A62162851FCAB79800EF87DA /* githubTestTests */,
				A62162901FCAB79800EF87DA /* githubTestUITests */,
				A621626B1FCAB79800EF87DA /* Products */,
				695A88AA019D141FE02ABCBA /* Pods */,
				197028E4EB05C289B8A94B74 /* Frameworks */,
			);
			sourceTree = "<group>";
		};
		A621626B1FCAB79800EF87DA /* Products */ = {
			isa = PBXGroup;
			children = (
				A621626A1FCAB79800EF87DA /* githubTest.app */,
				A62162821FCAB79800EF87DA /* githubTestTests.xctest */,
				A621628D1FCAB79800EF87DA /* githubTestUITests.xctest */,
			);
			name = Products;
			sourceTree = "<group>";
		};
		A621626C1FCAB79800EF87DA /* githubTest */ = {
			isa = PBXGroup;
			children = (
				A621626D1FCAB79800EF87DA /* AppDelegate.h */,
				A621626E1FCAB79800EF87DA /* AppDelegate.m */,
				A62162701FCAB79800EF87DA /* ViewController.h */,
				A62162711FCAB79800EF87DA /* ViewController.m */,
				A621629F1FCABA8500EF87DA /* ZJHTTPSessionManager.h */,
				A62162A01FCABA8500EF87DA /* ZJHTTPSessionManager.m */,
				A62162731FCAB79800EF87DA /* Main.storyboard */,
				A62162761FCAB79800EF87DA /* Assets.xcassets */,
				A62162781FCAB79800EF87DA /* LaunchScreen.storyboard */,
				A621627B1FCAB79800EF87DA /* Info.plist */,
				A621627C1FCAB79800EF87DA /* main.m */,
			);
			path = githubTest;
			sourceTree = "<group>";
		};
		A62162851FCAB79800EF87DA /* githubTestTests */ = {
			isa = PBXGroup;
			children = (
				A62162861FCAB79800EF87DA /* githubTestTests.m */,
				A62162881FCAB79800EF87DA /* Info.plist */,
			);
			path = githubTestTests;
			sourceTree = "<group>";
		};
		A62162901FCAB79800EF87DA /* githubTestUITests */ = {
			isa = PBXGroup;
			children = (
				A62162911FCAB79800EF87DA /* githubTestUITests.m */,
				A62162931FCAB79800EF87DA /* Info.plist */,
			);
			path = githubTestUITests;
			sourceTree = "<group>";
		};
/* End PBXGroup section */

/* Begin PBXNativeTarget section */
		A62162691FCAB79800EF87DA /* githubTest */ = {
			isa = PBXNativeTarget;
			buildConfigurationList = A62162961FCAB79800EF87DA /* Build configuration list for PBXNativeTarget "githubTest" */;
			buildPhases = (
				384B57B87F861190116B11B6 /* [CP] Check Pods Manifest.lock */,
				A62162661FCAB79800EF87DA /* Sources */,
				A62162671FCAB79800EF87DA /* Frameworks */,
				A62162681FCAB79800EF87DA /* Resources */,
				CE9C652B979315CC93B5E1FB /* [CP] Embed Pods Frameworks */,
				B03E3C75D2F5F1F1BCAD3ABF /* [CP] Copy Pods Resources */,
			);
			buildRules = (
			);
			dependencies = (
			);
			name = githubTest;
			productName = githubTest;
			productReference = A621626A1FCAB79800EF87DA /* githubTest.app */;
			productType = "com.apple.product-type.application";
		};
		A62162811FCAB79800EF87DA /* githubTestTests */ = {
			isa = PBXNativeTarget;
			buildConfigurationList = A62162991FCAB79800EF87DA /* Build configuration list for PBXNativeTarget "githubTestTests" */;
			buildPhases = (
				A621627E1FCAB79800EF87DA /* Sources */,
				A621627F1FCAB79800EF87DA /* Frameworks */,
				A62162801FCAB79800EF87DA /* Resources */,
			);
			buildRules = (
			);
			dependencies = (
				A62162841FCAB79800EF87DA /* PBXTargetDependency */,
			);
			name = githubTestTests;
			productName = githubTestTests;
			productReference = A62162821FCAB79800EF87DA /* githubTestTests.xctest */;
			productType = "com.apple.product-type.bundle.unit-test";
		};
		A621628C1FCAB79800EF87DA /* githubTestUITests */ = {
			isa = PBXNativeTarget;
			buildConfigurationList = A621629C1FCAB79800EF87DA /* Build configuration list for PBXNativeTarget "githubTestUITests" */;
			buildPhases = (
				A62162891FCAB79800EF87DA /* Sources */,
				A621628A1FCAB79800EF87DA /* Frameworks */,
				A621628B1FCAB79800EF87DA /* Resources */,
			);
			buildRules = (
			);
			dependencies = (
				A621628F1FCAB79800EF87DA /* PBXTargetDependency */,
			);
			name = githubTestUITests;
			productName = githubTestUITests;
			productReference = A621628D1FCAB79800EF87DA /* githubTestUITests.xctest */;
			productType = "com.apple.product-type.bundle.ui-testing";
		};
/* End PBXNativeTarget section */

/* Begin PBXProject section */
		A62162621FCAB79800EF87DA /* Project object */ = {
			isa = PBXProject;
			attributes = {
				LastUpgradeCheck = 0910;
				ORGANIZATIONNAME = "Finemap SCI-Tech Co.,ltd";
				TargetAttributes = {
					A62162691FCAB79800EF87DA = {
						CreatedOnToolsVersion = 9.1;
						ProvisioningStyle = Automatic;
					};
					A62162811FCAB79800EF87DA = {
						CreatedOnToolsVersion = 9.1;
						ProvisioningStyle = Automatic;
						TestTargetID = A62162691FCAB79800EF87DA;
					};
					A621628C1FCAB79800EF87DA = {
						CreatedOnToolsVersion = 9.1;
						ProvisioningStyle = Automatic;
						TestTargetID = A62162691FCAB79800EF87DA;
					};
				};
			};
			buildConfigurationList = A62162651FCAB79800EF87DA /* Build configuration list for PBXProject "githubTest" */;
			compatibilityVersion = "Xcode 8.0";
			developmentRegion = en;
			hasScannedForEncodings = 0;
			knownRegions = (
				en,
				Base,
			);
			mainGroup = A62162611FCAB79800EF87DA;
			productRefGroup = A621626B1FCAB79800EF87DA /* Products */;
			projectDirPath = "";
			projectRoot = "";
			targets = (
				A62162691FCAB79800EF87DA /* githubTest */,
				A62162811FCAB79800EF87DA /* githubTestTests */,
				A621628C1FCAB79800EF87DA /* githubTestUITests */,
			);
		};
/* End PBXProject section */

/* Begin PBXResourcesBuildPhase section */
		A62162681FCAB79800EF87DA /* Resources */ = {
			isa = PBXResourcesBuildPhase;
			buildActionMask = 2147483647;
			files = (
				A621627A1FCAB79800EF87DA /* LaunchScreen.storyboard in Resources */,
				A62162771FCAB79800EF87DA /* Assets.xcassets in Resources */,
				A62162751FCAB79800EF87DA /* Main.storyboard in Resources */,
			);
			runOnlyForDeploymentPostprocessing = 0;
		};
		A62162801FCAB79800EF87DA /* Resources */ = {
			isa = PBXResourcesBuildPhase;
			buildActionMask = 2147483647;
			files = (
			);
			runOnlyForDeploymentPostprocessing = 0;
		};
		A621628B1FCAB79800EF87DA /* Resources */ = {
			isa = PBXResourcesBuildPhase;
			buildActionMask = 2147483647;
			files = (
			);
			runOnlyForDeploymentPostprocessing = 0;
		};
/* End PBXResourcesBuildPhase section */

/* Begin PBXShellScriptBuildPhase section */
		384B57B87F861190116B11B6 /* [CP] Check Pods Manifest.lock */ = {
			isa = PBXShellScriptBuildPhase;
			buildActionMask = 2147483647;
			files = (
			);
			inputPaths = (
				"${PODS_PODFILE_DIR_PATH}/Podfile.lock",
				"${PODS_ROOT}/Manifest.lock",
			);
			name = "[CP] Check Pods Manifest.lock";
			outputPaths = (
				"$(DERIVED_FILE_DIR)/Pods-githubTest-checkManifestLockResult.txt",
			);
			runOnlyForDeploymentPostprocessing = 0;
			shellPath = /bin/sh;
			shellScript = "diff \"${PODS_PODFILE_DIR_PATH}/Podfile.lock\" \"${PODS_ROOT}/Manifest.lock\" > /dev/null\nif [ $? != 0 ] ; then\n    # print error to STDERR\n    echo \"error: The sandbox is not in sync with the Podfile.lock. Run 'pod install' or update your CocoaPods installation.\" >&2\n    exit 1\nfi\n# This output is used by Xcode 'outputs' to avoid re-running this script phase.\necho \"SUCCESS\" > \"${SCRIPT_OUTPUT_FILE_0}\"\n";
			showEnvVarsInLog = 0;
		};
		B03E3C75D2F5F1F1BCAD3ABF /* [CP] Copy Pods Resources */ = {
			isa = PBXShellScriptBuildPhase;
			buildActionMask = 2147483647;
			files = (
			);
			inputPaths = (
			);
			name = "[CP] Copy Pods Resources";
			outputPaths = (
			);
			runOnlyForDeploymentPostprocessing = 0;
			shellPath = /bin/sh;
			shellScript = "\"${SRCROOT}/Pods/Target Support Files/Pods-githubTest/Pods-githubTest-resources.sh\"\n";
			showEnvVarsInLog = 0;
		};
		CE9C652B979315CC93B5E1FB /* [CP] Embed Pods Frameworks */ = {
			isa = PBXShellScriptBuildPhase;
			buildActionMask = 2147483647;
			files = (
			);
			inputPaths = (
			);
			name = "[CP] Embed Pods Frameworks";
			outputPaths = (
			);
			runOnlyForDeploymentPostprocessing = 0;
			shellPath = /bin/sh;
			shellScript = "\"${SRCROOT}/Pods/Target Support Files/Pods-githubTest/Pods-githubTest-frameworks.sh\"\n";
			showEnvVarsInLog = 0;
		};
/* End PBXShellScriptBuildPhase section */

/* Begin PBXSourcesBuildPhase section */
		A62162661FCAB79800EF87DA /* Sources */ = {
			isa = PBXSourcesBuildPhase;
			buildActionMask = 2147483647;
			files = (
				A62162A11FCABA8500EF87DA /* ZJHTTPSessionManager.m in Sources */,
				A62162721FCAB79800EF87DA /* ViewController.m in Sources */,
				A621627D1FCAB79800EF87DA /* main.m in Sources */,
				A621626F1FCAB79800EF87DA /* AppDelegate.m in Sources */,
			);
			runOnlyForDeploymentPostprocessing = 0;
		};
		A621627E1FCAB79800EF87DA /* Sources */ = {
			isa = PBXSourcesBuildPhase;
			buildActionMask = 2147483647;
			files = (
				A62162871FCAB79800EF87DA /* githubTestTests.m in Sources */,
			);
			runOnlyForDeploymentPostprocessing = 0;
		};
		A62162891FCAB79800EF87DA /* Sources */ = {
			isa = PBXSourcesBuildPhase;
			buildActionMask = 2147483647;
			files = (
				A62162921FCAB79800EF87DA /* githubTestUITests.m in Sources */,
			);
			runOnlyForDeploymentPostprocessing = 0;
		};
/* End PBXSourcesBuildPhase section */

/* Begin PBXTargetDependency section */
		A62162841FCAB79800EF87DA /* PBXTargetDependency */ = {
			isa = PBXTargetDependency;
			target = A62162691FCAB79800EF87DA /* githubTest */;
			targetProxy = A62162831FCAB79800EF87DA /* PBXContainerItemProxy */;
		};
		A621628F1FCAB79800EF87DA /* PBXTargetDependency */ = {
			isa = PBXTargetDependency;
			target = A62162691FCAB79800EF87DA /* githubTest */;
			targetProxy = A621628E1FCAB79800EF87DA /* PBXContainerItemProxy */;
		};
/* End PBXTargetDependency section */

/* Begin PBXVariantGroup section */
		A62162731FCAB79800EF87DA /* Main.storyboard */ = {
			isa = PBXVariantGroup;
			children = (
				A62162741FCAB79800EF87DA /* Base */,
			);
			name = Main.storyboard;
			sourceTree = "<group>";
		};
		A62162781FCAB79800EF87DA /* LaunchScreen.storyboard */ = {
			isa = PBXVariantGroup;
			children = (
				A62162791FCAB79800EF87DA /* Base */,
			);
			name = LaunchScreen.storyboard;
			sourceTree = "<group>";
		};
/* End PBXVariantGroup section */

/* Begin XCBuildConfiguration section */
		A62162941FCAB79800EF87DA /* Debug */ = {
			isa = XCBuildConfiguration;
			buildSettings = {
				ALWAYS_SEARCH_USER_PATHS = NO;
				CLANG_ANALYZER_NONNULL = YES;
				CLANG_ANALYZER_NUMBER_OBJECT_CONVERSION = YES_AGGRESSIVE;
				CLANG_CXX_LANGUAGE_STANDARD = "gnu++14";
				CLANG_CXX_LIBRARY = "libc++";
				CLANG_ENABLE_MODULES = YES;
				CLANG_ENABLE_OBJC_ARC = YES;
				CLANG_WARN_BLOCK_CAPTURE_AUTORELEASING = YES;
				CLANG_WARN_BOOL_CONVERSION = YES;
				CLANG_WARN_COMMA = YES;
				CLANG_WARN_CONSTANT_CONVERSION = YES;
				CLANG_WARN_DIRECT_OBJC_ISA_USAGE = YES_ERROR;
				CLANG_WARN_DOCUMENTATION_COMMENTS = YES;
				CLANG_WARN_EMPTY_BODY = YES;
				CLANG_WARN_ENUM_CONVERSION = YES;
				CLANG_WARN_INFINITE_RECURSION = YES;
				CLANG_WARN_INT_CONVERSION = YES;
				CLANG_WARN_NON_LITERAL_NULL_CONVERSION = YES;
				CLANG_WARN_OBJC_LITERAL_CONVERSION = YES;
				CLANG_WARN_OBJC_ROOT_CLASS = YES_ERROR;
				CLANG_WARN_RANGE_LOOP_ANALYSIS = YES;
				CLANG_WARN_STRICT_PROTOTYPES = YES;
				CLANG_WARN_SUSPICIOUS_MOVE = YES;
				CLANG_WARN_UNGUARDED_AVAILABILITY = YES_AGGRESSIVE;
				CLANG_WARN_UNREACHABLE_CODE = YES;
				CLANG_WARN__DUPLICATE_METHOD_MATCH = YES;
				CODE_SIGN_IDENTITY = "iPhone Developer";
				COPY_PHASE_STRIP = NO;
				DEBUG_INFORMATION_FORMAT = dwarf;
				ENABLE_STRICT_OBJC_MSGSEND = YES;
				ENABLE_TESTABILITY = YES;
				GCC_C_LANGUAGE_STANDARD = gnu11;
				GCC_DYNAMIC_NO_PIC = NO;
				GCC_NO_COMMON_BLOCKS = YES;
				GCC_OPTIMIZATION_LEVEL = 0;
				GCC_PREPROCESSOR_DEFINITIONS = (
					"DEBUG=1",
					"$(inherited)",
				);
				GCC_WARN_64_TO_32_BIT_CONVERSION = YES;
				GCC_WARN_ABOUT_RETURN_TYPE = YES_ERROR;
				GCC_WARN_UNDECLARED_SELECTOR = YES;
				GCC_WARN_UNINITIALIZED_AUTOS = YES_AGGRESSIVE;
				GCC_WARN_UNUSED_FUNCTION = YES;
				GCC_WARN_UNUSED_VARIABLE = YES;
				IPHONEOS_DEPLOYMENT_TARGET = 11.1;
				MTL_ENABLE_DEBUG_INFO = YES;
				ONLY_ACTIVE_ARCH = YES;
				SDKROOT = iphoneos;
			};
			name = Debug;
		};
		A62162951FCAB79800EF87DA /* Release */ = {
			isa = XCBuildConfiguration;
			buildSettings = {
				ALWAYS_SEARCH_USER_PATHS = NO;
				CLANG_ANALYZER_NONNULL = YES;
				CLANG_ANALYZER_NUMBER_OBJECT_CONVERSION = YES_AGGRESSIVE;
				CLANG_CXX_LANGUAGE_STANDARD = "gnu++14";
				CLANG_CXX_LIBRARY = "libc++";
				CLANG_ENABLE_MODULES = YES;
				CLANG_ENABLE_OBJC_ARC = YES;
				CLANG_WARN_BLOCK_CAPTURE_AUTORELEASING = YES;
				CLANG_WARN_BOOL_CONVERSION = YES;
				CLANG_WARN_COMMA = YES;
				CLANG_WARN_CONSTANT_CONVERSION = YES;
				CLANG_WARN_DIRECT_OBJC_ISA_USAGE = YES_ERROR;
				CLANG_WARN_DOCUMENTATION_COMMENTS = YES;
				CLANG_WARN_EMPTY_BODY = YES;
				CLANG_WARN_ENUM_CONVERSION = YES;
				CLANG_WARN_INFINITE_RECURSION = YES;
				CLANG_WARN_INT_CONVERSION = YES;
				CLANG_WARN_NON_LITERAL_NULL_CONVERSION = YES;
				CLANG_WARN_OBJC_LITERAL_CONVERSION = YES;
				CLANG_WARN_OBJC_ROOT_CLASS = YES_ERROR;
				CLANG_WARN_RANGE_LOOP_ANALYSIS = YES;
				CLANG_WARN_STRICT_PROTOTYPES = YES;
				CLANG_WARN_SUSPICIOUS_MOVE = YES;
				CLANG_WARN_UNGUARDED_AVAILABILITY = YES_AGGRESSIVE;
				CLANG_WARN_UNREACHABLE_CODE = YES;
				CLANG_WARN__DUPLICATE_METHOD_MATCH = YES;
				CODE_SIGN_IDENTITY = "iPhone Developer";
				COPY_PHASE_STRIP = NO;
				DEBUG_INFORMATION_FORMAT = "dwarf-with-dsym";
				ENABLE_NS_ASSERTIONS = NO;
				ENABLE_STRICT_OBJC_MSGSEND = YES;
				GCC_C_LANGUAGE_STANDARD = gnu11;
				GCC_NO_COMMON_BLOCKS = YES;
				GCC_WARN_64_TO_32_BIT_CONVERSION = YES;
				GCC_WARN_ABOUT_RETURN_TYPE = YES_ERROR;
				GCC_WARN_UNDECLARED_SELECTOR = YES;
				GCC_WARN_UNINITIALIZED_AUTOS = YES_AGGRESSIVE;
				GCC_WARN_UNUSED_FUNCTION = YES;
				GCC_WARN_UNUSED_VARIABLE = YES;
				IPHONEOS_DEPLOYMENT_TARGET = 11.1;
				MTL_ENABLE_DEBUG_INFO = NO;
				SDKROOT = iphoneos;
				VALIDATE_PRODUCT = YES;
			};
			name = Release;
		};
		A62162971FCAB79800EF87DA /* Debug */ = {
			isa = XCBuildConfiguration;
			baseConfigurationReference = 8E8B4DECAE65C8B23DDD3AAB /* Pods-githubTest.debug.xcconfig */;
			buildSettings = {
				ASSETCATALOG_COMPILER_APPICON_NAME = AppIcon;
				CODE_SIGN_STYLE = Automatic;
				DEVELOPMENT_TEAM = V762XE89AY;
				INFOPLIST_FILE = githubTest/Info.plist;
				LD_RUNPATH_SEARCH_PATHS = "$(inherited) @executable_path/Frameworks";
				PRODUCT_BUNDLE_IDENTIFIER = EFB.githubTest;
				PRODUCT_NAME = "$(TARGET_NAME)";
				TARGETED_DEVICE_FAMILY = "1,2";
			};
			name = Debug;
		};
		A62162981FCAB79800EF87DA /* Release */ = {
			isa = XCBuildConfiguration;
			baseConfigurationReference = D4C2E5A00729B188693C38F0 /* Pods-githubTest.release.xcconfig */;
			buildSettings = {
				ASSETCATALOG_COMPILER_APPICON_NAME = AppIcon;
				CODE_SIGN_STYLE = Automatic;
				DEVELOPMENT_TEAM = V762XE89AY;
				INFOPLIST_FILE = githubTest/Info.plist;
				LD_RUNPATH_SEARCH_PATHS = "$(inherited) @executable_path/Frameworks";
				PRODUCT_BUNDLE_IDENTIFIER = EFB.githubTest;
				PRODUCT_NAME = "$(TARGET_NAME)";
				TARGETED_DEVICE_FAMILY = "1,2";
			};
			name = Release;
		};
		A621629A1FCAB79800EF87DA /* Debug */ = {
			isa = XCBuildConfiguration;
			buildSettings = {
				BUNDLE_LOADER = "$(TEST_HOST)";
				CODE_SIGN_STYLE = Automatic;
				DEVELOPMENT_TEAM = V762XE89AY;
				INFOPLIST_FILE = githubTestTests/Info.plist;
				LD_RUNPATH_SEARCH_PATHS = "$(inherited) @executable_path/Frameworks @loader_path/Frameworks";
				PRODUCT_BUNDLE_IDENTIFIER = EFB.githubTestTests;
				PRODUCT_NAME = "$(TARGET_NAME)";
				TARGETED_DEVICE_FAMILY = "1,2";
				TEST_HOST = "$(BUILT_PRODUCTS_DIR)/githubTest.app/githubTest";
			};
			name = Debug;
		};
		A621629B1FCAB79800EF87DA /* Release */ = {
			isa = XCBuildConfiguration;
			buildSettings = {
				BUNDLE_LOADER = "$(TEST_HOST)";
				CODE_SIGN_STYLE = Automatic;
				DEVELOPMENT_TEAM = V762XE89AY;
				INFOPLIST_FILE = githubTestTests/Info.plist;
				LD_RUNPATH_SEARCH_PATHS = "$(inherited) @executable_path/Frameworks @loader_path/Frameworks";
				PRODUCT_BUNDLE_IDENTIFIER = EFB.githubTestTests;
				PRODUCT_NAME = "$(TARGET_NAME)";
				TARGETED_DEVICE_FAMILY = "1,2";
				TEST_HOST = "$(BUILT_PRODUCTS_DIR)/githubTest.app/githubTest";
			};
			name = Release;
		};
		A621629D1FCAB79800EF87DA /* Debug */ = {
			isa = XCBuildConfiguration;
			buildSettings = {
				CODE_SIGN_STYLE = Automatic;
				DEVELOPMENT_TEAM = V762XE89AY;
				INFOPLIST_FILE = githubTestUITests/Info.plist;
				LD_RUNPATH_SEARCH_PATHS = "$(inherited) @executable_path/Frameworks @loader_path/Frameworks";
				PRODUCT_BUNDLE_IDENTIFIER = EFB.githubTestUITests;
				PRODUCT_NAME = "$(TARGET_NAME)";
				TARGETED_DEVICE_FAMILY = "1,2";
				TEST_TARGET_NAME = githubTest;
			};
			name = Debug;
		};
		A621629E1FCAB79800EF87DA /* Release */ = {
			isa = XCBuildConfiguration;
			buildSettings = {
				CODE_SIGN_STYLE = Automatic;
				DEVELOPMENT_TEAM = V762XE89AY;
				INFOPLIST_FILE = githubTestUITests/Info.plist;
				LD_RUNPATH_SEARCH_PATHS = "$(inherited) @executable_path/Frameworks @loader_path/Frameworks";
				PRODUCT_BUNDLE_IDENTIFIER = EFB.githubTestUITests;
				PRODUCT_NAME = "$(TARGET_NAME)";
				TARGETED_DEVICE_FAMILY = "1,2";
				TEST_TARGET_NAME = githubTest;
			};
			name = Release;
		};
/* End XCBuildConfiguration section */

/* Begin XCConfigurationList section */
		A62162651FCAB79800EF87DA /* Build configuration list for PBXProject "githubTest" */ = {
			isa = XCConfigurationList;
			buildConfigurations = (
				A62162941FCAB79800EF87DA /* Debug */,
				A62162951FCAB79800EF87DA /* Release */,
			);
			defaultConfigurationIsVisible = 0;
			defaultConfigurationName = Release;
		};
		A62162961FCAB79800EF87DA /* Build configuration list for PBXNativeTarget "githubTest" */ = {
			isa = XCConfigurationList;
			buildConfigurations = (
				A62162971FCAB79800EF87DA /* Debug */,
				A62162981FCAB79800EF87DA /* Release */,
			);
			defaultConfigurationIsVisible = 0;
			defaultConfigurationName = Release;
		};
		A62162991FCAB79800EF87DA /* Build configuration list for PBXNativeTarget "githubTestTests" */ = {
			isa = XCConfigurationList;
			buildConfigurations = (
				A621629A1FCAB79800EF87DA /* Debug */,
				A621629B1FCAB79800EF87DA /* Release */,
			);
			defaultConfigurationIsVisible = 0;
			defaultConfigurationName = Release;
		};
		A621629C1FCAB79800EF87DA /* Build configuration list for PBXNativeTarget "githubTestUITests" */ = {
			isa = XCConfigurationList;
			buildConfigurations = (
				A621629D1FCAB79800EF87DA /* Debug */,
				A621629E1FCAB79800EF87DA /* Release */,
			);
			defaultConfigurationIsVisible = 0;
			defaultConfigurationName = Release;
		};
/* End XCConfigurationList section */
	};
	rootObject = A62162621FCAB79800EF87DA /* Project object */;
}
